
Microsoft Visual Studio Solution File, Format Version 12.00
# Visual Studio Version 17
VisualStudioVersion = 17.4.33122.133
MinimumVisualStudioVersion = 10.0.40219.1
Project("{F184B08F-C81C-45F6-A57F-5ABD9991F28F}") = "Two Dimensional Arrays", "Two Dimensional Arrays.vbproj", "{6F4C68BB-AFC3-4E2E-B531-C1FB1C982FC7}"
EndProject
Global
	GlobalSection(SolutionConfigurationPlatforms) = preSolution
		Debug|Any CPU = Debug|Any CPU
		Release|Any CPU = Release|Any CPU
	EndGlobalSection
	GlobalSection(ProjectConfigurationPlatforms) = postSolution
		{6F4C68BB-AFC3-4E2E-B531-C1FB1C982FC7}.Debug|Any CPU.ActiveCfg = Debug|Any CPU
		{6F4C68BB-AFC3-4E2E-B531-C1FB1C982FC7}.Debug|Any CPU.Build.0 = Debug|Any CPU
		{6F4C68BB-AFC3-4E2E-B531-C1FB1C982FC7}.Release|Any CPU.ActiveCfg = Release|Any CPU
		{6F4C68BB-AFC3-4E2E-B531-C1FB1C982FC7}.Release|Any CPU.Build.0 = Release|Any CPU
	EndGlobalSection
	GlobalSection(SolutionProperties) = preSolution
		HideSolutionNode = FALSE
	EndGlobalSection
	GlobalSection(ExtensibilityGlobals) = postSolution
		SolutionGuid = {BB49818F-8AE5-4B50-A08A-8FF5CCEDB8BB}
	EndGlobalSection
EndGlobal
